
Microsoft Visual Studio Solution File, Format Version 12.00
# Visual Studio 15
VisualStudioVersion = 15.0.28307.1340
MinimumVisualStudioVersion = 10.0.40219.1
Project("{FAE04EC0-301F-11D3-BF4B-00C04F79EFBC}") = "CryptoRandomDataGenerator", "CryptoRandomDataGenerator\CryptoRandomDataGenerator.csproj", "{7DD80B45-2937-47B5-B035-8D6994027193}"
EndProject
Global
	GlobalSection(SolutionConfigurationPlatforms) = preSolution
		Debug|Any CPU = Debug|Any CPU
		Release|Any CPU = Release|Any CPU
	EndGlobalSection
	GlobalSection(ProjectConfigurationPlatforms) = postSolution
		{7DD80B45-2937-47B5-B035-8D6994027193}.Debug|Any CPU.ActiveCfg = Debug|Any CPU
		{7DD80B45-2937-47B5-B035-8D6994027193}.Debug|Any CPU.Build.0 = Debug|Any CPU
		{7DD80B45-2937-47B5-B035-8D6994027193}.Release|Any CPU.ActiveCfg = Release|Any CPU
		{7DD80B45-2937-47B5-B035-8D6994027193}.Release|Any CPU.Build.0 = Release|Any CPU
	EndGlobalSection
	GlobalSection(SolutionProperties) = preSolution
		HideSolutionNode = FALSE
	EndGlobalSection
	GlobalSection(ExtensibilityGlobals) = postSolution
		SolutionGuid = {958567DA-5576-4C52-8552-001220B0BBD5}
	EndGlobalSection
EndGlobal
